%{
  "complex": {:hex, :complex, "0.7.0", "695632ef9487517aa5d57edd1697801079d622414cb2e1a7cf538b1f9a50f205", [:mix], [], "hexpm", "0ee39c0803129f546e7f3f640da8f021c9e659402bf59da6f7f2c4848f068f8d"},
  "nx": {:hex, :nx, "0.9.2", "17563029c01bf749aad3c31234326d7665abd0acc33ee2acbe531a4759f29a8a", [:mix], [{:complex, "~> 0.5", [hex: :complex, repo: "hexpm", optional: false]}, {:telemetry, "~> 0.4.0 or ~> 1.0", [hex: :telemetry, repo: "hexpm", optional: false]}], "hexpm", "914d74741617d8103de8ab1f8c880353e555263e1c397b8a1109f79a3716557f"},
  "poly_hok": {:git, "https://github.com/lups-ufpel/polyhok.git", "c6d1c8b99131fb45496258707fbc5bc42796976b", [sparse: "poly_hok"]},
  "telemetry": {:hex, :telemetry, "1.4.2", "a0cb522801dffb1c49fe6e30561badffc7b6d0e180db1300df759faa22062855", [:rebar3], [], "hexpm", "928f6495066506077862c0d1646609eed891a4326bee3126ba54b60af61febb1"},
}
